
Microsoft Visual Studio Solution File, Format Version 12.00
# Visual Studio Version 17
VisualStudioVersion = 17.5.33424.131
MinimumVisualStudioVersion = 10.0.40219.1
Project("{FAE04EC0-301F-11D3-BF4B-00C04F79EFBC}") = "DemoMinimalApi", "DemoMinimalApi.csproj", "{1476943E-A3D4-4501-9F95-76ACEFB2D38C}"
EndProject
Global
	GlobalSection(SolutionConfigurationPlatforms) = preSolution
		Debug|Any CPU = Debug|Any CPU
		Release|Any CPU = Release|Any CPU
	EndGlobalSection
	GlobalSection(ProjectConfigurationPlatforms) = postSolution
		{1476943E-A3D4-4501-9F95-76ACEFB2D38C}.Debug|Any CPU.ActiveCfg = Debug|Any CPU
		{1476943E-A3D4-4501-9F95-76ACEFB2D38C}.Debug|Any CPU.Build.0 = Debug|Any CPU
		{1476943E-A3D4-4501-9F95-76ACEFB2D38C}.Release|Any CPU.ActiveCfg = Release|Any CPU
		{1476943E-A3D4-4501-9F95-76ACEFB2D38C}.Release|Any CPU.Build.0 = Release|Any CPU
	EndGlobalSection
	GlobalSection(SolutionProperties) = preSolution
		HideSolutionNode = FALSE
	EndGlobalSection
	GlobalSection(ExtensibilityGlobals) = postSolution
		SolutionGuid = {0EC85A3E-0F2D-4557-8760-862F406F4386}
	EndGlobalSection
EndGlobal
